
Microsoft Visual Studio Solution File, Format Version 12.00
# Visual Studio Version 16
VisualStudioVersion = 16.0.32802.440
MinimumVisualStudioVersion = 10.0.40219.1
Project("{FAE04EC0-301F-11D3-BF4B-00C04F79EFBC}") = "codility self 2.2", "codility self 2.2\codility self 2.2.csproj", "{A7EB2000-4F53-41C1-96CB-FAB53105CD69}"
EndProject
Global
	GlobalSection(SolutionConfigurationPlatforms) = preSolution
		Debug|Any CPU = Debug|Any CPU
		Release|Any CPU = Release|Any CPU
	EndGlobalSection
	GlobalSection(ProjectConfigurationPlatforms) = postSolution
		{A7EB2000-4F53-41C1-96CB-FAB53105CD69}.Debug|Any CPU.ActiveCfg = Debug|Any CPU
		{A7EB2000-4F53-41C1-96CB-FAB53105CD69}.Debug|Any CPU.Build.0 = Debug|Any CPU
		{A7EB2000-4F53-41C1-96CB-FAB53105CD69}.Release|Any CPU.ActiveCfg = Release|Any CPU
		{A7EB2000-4F53-41C1-96CB-FAB53105CD69}.Release|Any CPU.Build.0 = Release|Any CPU
	EndGlobalSection
	GlobalSection(SolutionProperties) = preSolution
		HideSolutionNode = FALSE
	EndGlobalSection
	GlobalSection(ExtensibilityGlobals) = postSolution
		SolutionGuid = {1B9084F1-F0FD-4702-9D8A-F5FC3E5C9671}
	EndGlobalSection
EndGlobal
